# This file was autogenerated by Stack.
# You should not edit this file by hand.
# For more information, please see the documentation at:
#   https://docs.haskellstack.org/en/stable/lock_files

packages:
- completed:
    hackage: string-interpolate-0.2.0.0@sha256:a96f7e744f49d795887236319f74b2797fe2cdaadf2d5c4b06845d7a6ba4dbff,2527
    pantry-tree:
      size: 616
      sha256: 4160533ceb37446c054689513054d67093aed5bb1651011d9506dd579c815722
  original:
    hackage: string-interpolate-0.2.0.0@sha256:a96f7e744f49d795887236319f74b2797fe2cdaadf2d5c4b06845d7a6ba4dbff,2527
snapshots:
- completed:
    size: 491372
    url: https://raw.githubusercontent.com/commercialhaskell/stackage-snapshots/master/lts/15/2.yaml
    sha256: a98d091d911606d0d8adccbeb811b81bbd8cc2d888f99ef9e273350e8e9692a8
  original: lts-15.2
